
Microsoft Visual Studio Solution File, Format Version 12.00
# Visual Studio Version 16
VisualStudioVersion = 16.0.28803.202
MinimumVisualStudioVersion = 10.0.40219.1
Project("{FAE04EC0-301F-11D3-BF4B-00C04F79EFBC}") = "abstractClassConstructors", "abstractClassConstructors\abstractClassConstructors.csproj", "{B99DACCB-055A-4129-84A2-91D32B1D0E76}"
EndProject
Global
	GlobalSection(SolutionConfigurationPlatforms) = preSolution
		Debug|Any CPU = Debug|Any CPU
		Release|Any CPU = Release|Any CPU
	EndGlobalSection
	GlobalSection(ProjectConfigurationPlatforms) = postSolution
		{B99DACCB-055A-4129-84A2-91D32B1D0E76}.Debug|Any CPU.ActiveCfg = Debug|Any CPU
		{B99DACCB-055A-4129-84A2-91D32B1D0E76}.Debug|Any CPU.Build.0 = Debug|Any CPU
		{B99DACCB-055A-4129-84A2-91D32B1D0E76}.Release|Any CPU.ActiveCfg = Release|Any CPU
		{B99DACCB-055A-4129-84A2-91D32B1D0E76}.Release|Any CPU.Build.0 = Release|Any CPU
	EndGlobalSection
	GlobalSection(SolutionProperties) = preSolution
		HideSolutionNode = FALSE
	EndGlobalSection
	GlobalSection(ExtensibilityGlobals) = postSolution
		SolutionGuid = {610D4506-22BD-4A46-B125-1B1F317B0C68}
	EndGlobalSection
EndGlobal
