
Microsoft Visual Studio Solution File, Format Version 12.00
# Visual Studio Version 16
VisualStudioVersion = 16.0.28803.202
MinimumVisualStudioVersion = 10.0.40219.1
Project("{FAE04EC0-301F-11D3-BF4B-00C04F79EFBC}") = "eventsAndDelegates", "eventsAndDelegates\eventsAndDelegates.csproj", "{CC4D5E35-4343-4EDF-AF6A-0F6BFE812B38}"
EndProject
Global
	GlobalSection(SolutionConfigurationPlatforms) = preSolution
		Debug|Any CPU = Debug|Any CPU
		Release|Any CPU = Release|Any CPU
	EndGlobalSection
	GlobalSection(ProjectConfigurationPlatforms) = postSolution
		{CC4D5E35-4343-4EDF-AF6A-0F6BFE812B38}.Debug|Any CPU.ActiveCfg = Debug|Any CPU
		{CC4D5E35-4343-4EDF-AF6A-0F6BFE812B38}.Debug|Any CPU.Build.0 = Debug|Any CPU
		{CC4D5E35-4343-4EDF-AF6A-0F6BFE812B38}.Release|Any CPU.ActiveCfg = Release|Any CPU
		{CC4D5E35-4343-4EDF-AF6A-0F6BFE812B38}.Release|Any CPU.Build.0 = Release|Any CPU
	EndGlobalSection
	GlobalSection(SolutionProperties) = preSolution
		HideSolutionNode = FALSE
	EndGlobalSection
	GlobalSection(ExtensibilityGlobals) = postSolution
		SolutionGuid = {D26669B7-A10E-42C8-8730-B7A36E289784}
	EndGlobalSection
EndGlobal
