
Microsoft Visual Studio Solution File, Format Version 12.00
# Visual Studio Version 16
VisualStudioVersion = 16.0.28803.202
MinimumVisualStudioVersion = 10.0.40219.1
Project("{FAE04EC0-301F-11D3-BF4B-00C04F79EFBC}") = "helloWorld", "helloWorld\helloWorld.csproj", "{9C87A56F-08E7-42D1-9460-F2F021A7A645}"
EndProject
Global
	GlobalSection(SolutionConfigurationPlatforms) = preSolution
		Debug|Any CPU = Debug|Any CPU
		Release|Any CPU = Release|Any CPU
	EndGlobalSection
	GlobalSection(ProjectConfigurationPlatforms) = postSolution
		{9C87A56F-08E7-42D1-9460-F2F021A7A645}.Debug|Any CPU.ActiveCfg = Debug|Any CPU
		{9C87A56F-08E7-42D1-9460-F2F021A7A645}.Debug|Any CPU.Build.0 = Debug|Any CPU
		{9C87A56F-08E7-42D1-9460-F2F021A7A645}.Release|Any CPU.ActiveCfg = Release|Any CPU
		{9C87A56F-08E7-42D1-9460-F2F021A7A645}.Release|Any CPU.Build.0 = Release|Any CPU
	EndGlobalSection
	GlobalSection(SolutionProperties) = preSolution
		HideSolutionNode = FALSE
	EndGlobalSection
	GlobalSection(ExtensibilityGlobals) = postSolution
		SolutionGuid = {40628FCA-99B2-4FB1-B60C-5B29E8CBA46D}
	EndGlobalSection
EndGlobal
