
Microsoft Visual Studio Solution File, Format Version 12.00
# Visual Studio Version 16
VisualStudioVersion = 16.0.28803.202
MinimumVisualStudioVersion = 10.0.40219.1
Project("{FAE04EC0-301F-11D3-BF4B-00C04F79EFBC}") = "interfaces", "interfaces\interfaces.csproj", "{74FF53A9-96FD-4A53-881D-24F2C5028714}"
EndProject
Global
	GlobalSection(SolutionConfigurationPlatforms) = preSolution
		Debug|Any CPU = Debug|Any CPU
		Release|Any CPU = Release|Any CPU
	EndGlobalSection
	GlobalSection(ProjectConfigurationPlatforms) = postSolution
		{74FF53A9-96FD-4A53-881D-24F2C5028714}.Debug|Any CPU.ActiveCfg = Debug|Any CPU
		{74FF53A9-96FD-4A53-881D-24F2C5028714}.Debug|Any CPU.Build.0 = Debug|Any CPU
		{74FF53A9-96FD-4A53-881D-24F2C5028714}.Release|Any CPU.ActiveCfg = Release|Any CPU
		{74FF53A9-96FD-4A53-881D-24F2C5028714}.Release|Any CPU.Build.0 = Release|Any CPU
	EndGlobalSection
	GlobalSection(SolutionProperties) = preSolution
		HideSolutionNode = FALSE
	EndGlobalSection
	GlobalSection(ExtensibilityGlobals) = postSolution
		SolutionGuid = {FA1D6CD3-94AC-42B8-BCD5-549A3FF86B89}
	EndGlobalSection
EndGlobal
